
Microsoft Visual Studio Solution File, Format Version 12.00
# Visual Studio Version 17
VisualStudioVersion = 17.2.32516.85
MinimumVisualStudioVersion = 10.0.40219.1
Project("{FAE04EC0-301F-11D3-BF4B-00C04F79EFBC}") = "xamarinListViewSizingExample.UWP", "xamarinListViewSizingExample\xamarinListViewSizingExample.UWP\xamarinListViewSizingExample.UWP.csproj", "{29EC65F9-A40C-4B83-8276-868B83EBF3C0}"
EndProject
Project("{FAE04EC0-301F-11D3-BF4B-00C04F79EFBC}") = "xamarinListViewSizingExample.Android", "xamarinListViewSizingExample\xamarinListViewSizingExample.Android\xamarinListViewSizingExample.Android.csproj", "{C0915777-0A1E-4439-894B-8141084B217E}"
EndProject
Project("{FAE04EC0-301F-11D3-BF4B-00C04F79EFBC}") = "xamarinListViewSizingExample.iOS", "xamarinListViewSizingExample\xamarinListViewSizingExample.iOS\xamarinListViewSizingExample.iOS.csproj", "{378F509B-78B5-4AC5-B3A8-8E85E1CA6335}"
EndProject
Project("{FAE04EC0-301F-11D3-BF4B-00C04F79EFBC}") = "xamarinListViewSizingExample", "xamarinListViewSizingExample\xamarinListViewSizingExample\xamarinListViewSizingExample.csproj", "{CA4F160C-9616-4628-AF99-038B0E6AEB92}"
EndProject
Global
	GlobalSection(SolutionConfigurationPlatforms) = preSolution
		Debug|Any CPU = Debug|Any CPU
		Debug|ARM = Debug|ARM
		Debug|iPhone = Debug|iPhone
		Debug|iPhoneSimulator = Debug|iPhoneSimulator
		Debug|x64 = Debug|x64
		Debug|x86 = Debug|x86
		Release|Any CPU = Release|Any CPU
		Release|ARM = Release|ARM
		Release|iPhone = Release|iPhone
		Release|iPhoneSimulator = Release|iPhoneSimulator
		Release|x64 = Release|x64
		Release|x86 = Release|x86
	EndGlobalSection
	GlobalSection(ProjectConfigurationPlatforms) = postSolution
		{29EC65F9-A40C-4B83-8276-868B83EBF3C0}.Debug|Any CPU.ActiveCfg = Debug|x64
		{29EC65F9-A40C-4B83-8276-868B83EBF3C0}.Debug|Any CPU.Build.0 = Debug|x64
		{29EC65F9-A40C-4B83-8276-868B83EBF3C0}.Debug|Any CPU.Deploy.0 = Debug|x64
		{29EC65F9-A40C-4B83-8276-868B83EBF3C0}.Debug|ARM.ActiveCfg = Debug|ARM
		{29EC65F9-A40C-4B83-8276-868B83EBF3C0}.Debug|ARM.Build.0 = Debug|ARM
		{29EC65F9-A40C-4B83-8276-868B83EBF3C0}.Debug|ARM.Deploy.0 = Debug|ARM
		{29EC65F9-A40C-4B83-8276-868B83EBF3C0}.Debug|iPhone.ActiveCfg = Debug|x64
		{29EC65F9-A40C-4B83-8276-868B83EBF3C0}.Debug|iPhone.Build.0 = Debug|x64
		{29EC65F9-A40C-4B83-8276-868B83EBF3C0}.Debug|iPhone.Deploy.0 = Debug|x64
		{29EC65F9-A40C-4B83-8276-868B83EBF3C0}.Debug|iPhoneSimulator.ActiveCfg = Debug|x64
		{29EC65F9-A40C-4B83-8276-868B83EBF3C0}.Debug|iPhoneSimulator.Build.0 = Debug|x64
		{29EC65F9-A40C-4B83-8276-868B83EBF3C0}.Debug|iPhoneSimulator.Deploy.0 = Debug|x64
		{29EC65F9-A40C-4B83-8276-868B83EBF3C0}.Debug|x64.ActiveCfg = Debug|x64
		{29EC65F9-A40C-4B83-8276-868B83EBF3C0}.Debug|x64.Build.0 = Debug|x64
		{29EC65F9-A40C-4B83-8276-868B83EBF3C0}.Debug|x64.Deploy.0 = Debug|x64
		{29EC65F9-A40C-4B83-8276-868B83EBF3C0}.Debug|x86.ActiveCfg = Debug|x86
		{29EC65F9-A40C-4B83-8276-868B83EBF3C0}.Debug|x86.Build.0 = Debug|x86
		{29EC65F9-A40C-4B83-8276-868B83EBF3C0}.Debug|x86.Deploy.0 = Debug|x86
		{29EC65F9-A40C-4B83-8276-868B83EBF3C0}.Release|Any CPU.ActiveCfg = Release|x64
		{29EC65F9-A40C-4B83-8276-868B83EBF3C0}.Release|Any CPU.Build.0 = Release|x64
		{29EC65F9-A40C-4B83-8276-868B83EBF3C0}.Release|Any CPU.Deploy.0 = Release|x64
		{29EC65F9-A40C-4B83-8276-868B83EBF3C0}.Release|ARM.ActiveCfg = Release|ARM
		{29EC65F9-A40C-4B83-8276-868B83EBF3C0}.Release|ARM.Build.0 = Release|ARM
		{29EC65F9-A40C-4B83-8276-868B83EBF3C0}.Release|ARM.Deploy.0 = Release|ARM
		{29EC65F9-A40C-4B83-8276-868B83EBF3C0}.Release|iPhone.ActiveCfg = Release|x64
		{29EC65F9-A40C-4B83-8276-868B83EBF3C0}.Release|iPhone.Build.0 = Release|x64
		{29EC65F9-A40C-4B83-8276-868B83EBF3C0}.Release|iPhone.Deploy.0 = Release|x64
		{29EC65F9-A40C-4B83-8276-868B83EBF3C0}.Release|iPhoneSimulator.ActiveCfg = Release|x64
		{29EC65F9-A40C-4B83-8276-868B83EBF3C0}.Release|iPhoneSimulator.Build.0 = Release|x64
		{29EC65F9-A40C-4B83-8276-868B83EBF3C0}.Release|iPhoneSimulator.Deploy.0 = Release|x64
		{29EC65F9-A40C-4B83-8276-868B83EBF3C0}.Release|x64.ActiveCfg = Release|x64
		{29EC65F9-A40C-4B83-8276-868B83EBF3C0}.Release|x64.Build.0 = Release|x64
		{29EC65F9-A40C-4B83-8276-868B83EBF3C0}.Release|x64.Deploy.0 = Release|x64
		{29EC65F9-A40C-4B83-8276-868B83EBF3C0}.Release|x86.ActiveCfg = Release|x86
		{29EC65F9-A40C-4B83-8276-868B83EBF3C0}.Release|x86.Build.0 = Release|x86
		{29EC65F9-A40C-4B83-8276-868B83EBF3C0}.Release|x86.Deploy.0 = Release|x86
		{C0915777-0A1E-4439-894B-8141084B217E}.Debug|Any CPU.ActiveCfg = Debug|Any CPU
		{C0915777-0A1E-4439-894B-8141084B217E}.Debug|Any CPU.Build.0 = Debug|Any CPU
		{C0915777-0A1E-4439-894B-8141084B217E}.Debug|Any CPU.Deploy.0 = Debug|Any CPU
		{C0915777-0A1E-4439-894B-8141084B217E}.Debug|ARM.ActiveCfg = Debug|Any CPU
		{C0915777-0A1E-4439-894B-8141084B217E}.Debug|ARM.Build.0 = Debug|Any CPU
		{C0915777-0A1E-4439-894B-8141084B217E}.Debug|ARM.Deploy.0 = Debug|Any CPU
		{C0915777-0A1E-4439-894B-8141084B217E}.Debug|iPhone.ActiveCfg = Debug|Any CPU
		{C0915777-0A1E-4439-894B-8141084B217E}.Debug|iPhone.Build.0 = Debug|Any CPU
		{C0915777-0A1E-4439-894B-8141084B217E}.Debug|iPhone.Deploy.0 = Debug|Any CPU
		{C0915777-0A1E-4439-894B-8141084B217E}.Debug|iPhoneSimulator.ActiveCfg = Debug|Any CPU
		{C0915777-0A1E-4439-894B-8141084B217E}.Debug|iPhoneSimulator.Build.0 = Debug|Any CPU
		{C0915777-0A1E-4439-894B-8141084B217E}.Debug|iPhoneSimulator.Deploy.0 = Debug|Any CPU
		{C0915777-0A1E-4439-894B-8141084B217E}.Debug|x64.ActiveCfg = Debug|Any CPU
		{C0915777-0A1E-4439-894B-8141084B217E}.Debug|x64.Build.0 = Debug|Any CPU
		{C0915777-0A1E-4439-894B-8141084B217E}.Debug|x64.Deploy.0 = Debug|Any CPU
		{C0915777-0A1E-4439-894B-8141084B217E}.Debug|x86.ActiveCfg = Debug|Any CPU
		{C0915777-0A1E-4439-894B-8141084B217E}.Debug|x86.Build.0 = Debug|Any CPU
		{C0915777-0A1E-4439-894B-8141084B217E}.Debug|x86.Deploy.0 = Debug|Any CPU
		{C0915777-0A1E-4439-894B-8141084B217E}.Release|Any CPU.ActiveCfg = Release|Any CPU
		{C0915777-0A1E-4439-894B-8141084B217E}.Release|Any CPU.Build.0 = Release|Any CPU
		{C0915777-0A1E-4439-894B-8141084B217E}.Release|Any CPU.Deploy.0 = Release|Any CPU
		{C0915777-0A1E-4439-894B-8141084B217E}.Release|ARM.ActiveCfg = Release|Any CPU
		{C0915777-0A1E-4439-894B-8141084B217E}.Release|ARM.Build.0 = Release|Any CPU
		{C0915777-0A1E-4439-894B-8141084B217E}.Release|ARM.Deploy.0 = Release|Any CPU
		{C0915777-0A1E-4439-894B-8141084B217E}.Release|iPhone.ActiveCfg = Release|Any CPU
		{C0915777-0A1E-4439-894B-8141084B217E}.Release|iPhone.Build.0 = Release|Any CPU
		{C0915777-0A1E-4439-894B-8141084B217E}.Release|iPhone.Deploy.0 = Release|Any CPU
		{C0915777-0A1E-4439-894B-8141084B217E}.Release|iPhoneSimulator.ActiveCfg = Release|Any CPU
		{C0915777-0A1E-4439-894B-8141084B217E}.Release|iPhoneSimulator.Build.0 = Release|Any CPU
		{C0915777-0A1E-4439-894B-8141084B217E}.Release|iPhoneSimulator.Deploy.0 = Release|Any CPU
		{C0915777-0A1E-4439-894B-8141084B217E}.Release|x64.ActiveCfg = Release|Any CPU
		{C0915777-0A1E-4439-894B-8141084B217E}.Release|x64.Build.0 = Release|Any CPU
		{C0915777-0A1E-4439-894B-8141084B217E}.Release|x64.Deploy.0 = Release|Any CPU
		{C0915777-0A1E-4439-894B-8141084B217E}.Release|x86.ActiveCfg = Release|Any CPU
		{C0915777-0A1E-4439-894B-8141084B217E}.Release|x86.Build.0 = Release|Any CPU
		{C0915777-0A1E-4439-894B-8141084B217E}.Release|x86.Deploy.0 = Release|Any CPU
		{378F509B-78B5-4AC5-B3A8-8E85E1CA6335}.Debug|Any CPU.ActiveCfg = Debug|iPhoneSimulator
		{378F509B-78B5-4AC5-B3A8-8E85E1CA6335}.Debug|Any CPU.Build.0 = Debug|iPhoneSimulator
		{378F509B-78B5-4AC5-B3A8-8E85E1CA6335}.Debug|Any CPU.Deploy.0 = Debug|iPhoneSimulator
		{378F509B-78B5-4AC5-B3A8-8E85E1CA6335}.Debug|ARM.ActiveCfg = Debug|iPhoneSimulator
		{378F509B-78B5-4AC5-B3A8-8E85E1CA6335}.Debug|ARM.Build.0 = Debug|iPhoneSimulator
		{378F509B-78B5-4AC5-B3A8-8E85E1CA6335}.Debug|ARM.Deploy.0 = Debug|iPhoneSimulator
		{378F509B-78B5-4AC5-B3A8-8E85E1CA6335}.Debug|iPhone.ActiveCfg = Debug|iPhone
		{378F509B-78B5-4AC5-B3A8-8E85E1CA6335}.Debug|iPhone.Build.0 = Debug|iPhone
		{378F509B-78B5-4AC5-B3A8-8E85E1CA6335}.Debug|iPhone.Deploy.0 = Debug|iPhone
		{378F509B-78B5-4AC5-B3A8-8E85E1CA6335}.Debug|iPhoneSimulator.ActiveCfg = Debug|iPhoneSimulator
		{378F509B-78B5-4AC5-B3A8-8E85E1CA6335}.Debug|iPhoneSimulator.Build.0 = Debug|iPhoneSimulator
		{378F509B-78B5-4AC5-B3A8-8E85E1CA6335}.Debug|iPhoneSimulator.Deploy.0 = Debug|iPhoneSimulator
		{378F509B-78B5-4AC5-B3A8-8E85E1CA6335}.Debug|x64.ActiveCfg = Debug|iPhone
		{378F509B-78B5-4AC5-B3A8-8E85E1CA6335}.Debug|x64.Build.0 = Debug|iPhone
		{378F509B-78B5-4AC5-B3A8-8E85E1CA6335}.Debug|x64.Deploy.0 = Debug|iPhone
		{378F509B-78B5-4AC5-B3A8-8E85E1CA6335}.Debug|x86.ActiveCfg = Debug|iPhoneSimulator
		{378F509B-78B5-4AC5-B3A8-8E85E1CA6335}.Debug|x86.Build.0 = Debug|iPhoneSimulator
		{378F509B-78B5-4AC5-B3A8-8E85E1CA6335}.Debug|x86.Deploy.0 = Debug|iPhoneSimulator
		{378F509B-78B5-4AC5-B3A8-8E85E1CA6335}.Release|Any CPU.ActiveCfg = Release|iPhoneSimulator
		{378F509B-78B5-4AC5-B3A8-8E85E1CA6335}.Release|Any CPU.Build.0 = Release|iPhoneSimulator
		{378F509B-78B5-4AC5-B3A8-8E85E1CA6335}.Release|Any CPU.Deploy.0 = Release|iPhoneSimulator
		{378F509B-78B5-4AC5-B3A8-8E85E1CA6335}.Release|ARM.ActiveCfg = Release|iPhoneSimulator
		{378F509B-78B5-4AC5-B3A8-8E85E1CA6335}.Release|ARM.Build.0 = Release|iPhoneSimulator
		{378F509B-78B5-4AC5-B3A8-8E85E1CA6335}.Release|ARM.Deploy.0 = Release|iPhoneSimulator
		{378F509B-78B5-4AC5-B3A8-8E85E1CA6335}.Release|iPhone.ActiveCfg = Release|iPhone
		{378F509B-78B5-4AC5-B3A8-8E85E1CA6335}.Release|iPhone.Build.0 = Release|iPhone
		{378F509B-78B5-4AC5-B3A8-8E85E1CA6335}.Release|iPhone.Deploy.0 = Release|iPhone
		{378F509B-78B5-4AC5-B3A8-8E85E1CA6335}.Release|iPhoneSimulator.ActiveCfg = Release|iPhoneSimulator
		{378F509B-78B5-4AC5-B3A8-8E85E1CA6335}.Release|iPhoneSimulator.Build.0 = Release|iPhoneSimulator
		{378F509B-78B5-4AC5-B3A8-8E85E1CA6335}.Release|iPhoneSimulator.Deploy.0 = Release|iPhoneSimulator
		{378F509B-78B5-4AC5-B3A8-8E85E1CA6335}.Release|x64.ActiveCfg = Release|iPhoneSimulator
		{378F509B-78B5-4AC5-B3A8-8E85E1CA6335}.Release|x64.Build.0 = Release|iPhoneSimulator
		{378F509B-78B5-4AC5-B3A8-8E85E1CA6335}.Release|x64.Deploy.0 = Release|iPhoneSimulator
		{378F509B-78B5-4AC5-B3A8-8E85E1CA6335}.Release|x86.ActiveCfg = Release|iPhoneSimulator
		{378F509B-78B5-4AC5-B3A8-8E85E1CA6335}.Release|x86.Build.0 = Release|iPhoneSimulator
		{378F509B-78B5-4AC5-B3A8-8E85E1CA6335}.Release|x86.Deploy.0 = Release|iPhoneSimulator
		{CA4F160C-9616-4628-AF99-038B0E6AEB92}.Debug|Any CPU.ActiveCfg = Debug|Any CPU
		{CA4F160C-9616-4628-AF99-038B0E6AEB92}.Debug|Any CPU.Build.0 = Debug|Any CPU
		{CA4F160C-9616-4628-AF99-038B0E6AEB92}.Debug|Any CPU.Deploy.0 = Debug|Any CPU
		{CA4F160C-9616-4628-AF99-038B0E6AEB92}.Debug|ARM.ActiveCfg = Debug|Any CPU
		{CA4F160C-9616-4628-AF99-038B0E6AEB92}.Debug|ARM.Build.0 = Debug|Any CPU
		{CA4F160C-9616-4628-AF99-038B0E6AEB92}.Debug|ARM.Deploy.0 = Debug|Any CPU
		{CA4F160C-9616-4628-AF99-038B0E6AEB92}.Debug|iPhone.ActiveCfg = Debug|Any CPU
		{CA4F160C-9616-4628-AF99-038B0E6AEB92}.Debug|iPhone.Build.0 = Debug|Any CPU
		{CA4F160C-9616-4628-AF99-038B0E6AEB92}.Debug|iPhone.Deploy.0 = Debug|Any CPU
		{CA4F160C-9616-4628-AF99-038B0E6AEB92}.Debug|iPhoneSimulator.ActiveCfg = Debug|Any CPU
		{CA4F160C-9616-4628-AF99-038B0E6AEB92}.Debug|iPhoneSimulator.Build.0 = Debug|Any CPU
		{CA4F160C-9616-4628-AF99-038B0E6AEB92}.Debug|iPhoneSimulator.Deploy.0 = Debug|Any CPU
		{CA4F160C-9616-4628-AF99-038B0E6AEB92}.Debug|x64.ActiveCfg = Debug|Any CPU
		{CA4F160C-9616-4628-AF99-038B0E6AEB92}.Debug|x64.Build.0 = Debug|Any CPU
		{CA4F160C-9616-4628-AF99-038B0E6AEB92}.Debug|x64.Deploy.0 = Debug|Any CPU
		{CA4F160C-9616-4628-AF99-038B0E6AEB92}.Debug|x86.ActiveCfg = Debug|Any CPU
		{CA4F160C-9616-4628-AF99-038B0E6AEB92}.Debug|x86.Build.0 = Debug|Any CPU
		{CA4F160C-9616-4628-AF99-038B0E6AEB92}.Debug|x86.Deploy.0 = Debug|Any CPU
		{CA4F160C-9616-4628-AF99-038B0E6AEB92}.Release|Any CPU.ActiveCfg = Release|Any CPU
		{CA4F160C-9616-4628-AF99-038B0E6AEB92}.Release|Any CPU.Build.0 = Release|Any CPU
		{CA4F160C-9616-4628-AF99-038B0E6AEB92}.Release|Any CPU.Deploy.0 = Release|Any CPU
		{CA4F160C-9616-4628-AF99-038B0E6AEB92}.Release|ARM.ActiveCfg = Release|Any CPU
		{CA4F160C-9616-4628-AF99-038B0E6AEB92}.Release|ARM.Build.0 = Release|Any CPU
		{CA4F160C-9616-4628-AF99-038B0E6AEB92}.Release|ARM.Deploy.0 = Release|Any CPU
		{CA4F160C-9616-4628-AF99-038B0E6AEB92}.Release|iPhone.ActiveCfg = Release|Any CPU
		{CA4F160C-9616-4628-AF99-038B0E6AEB92}.Release|iPhone.Build.0 = Release|Any CPU
		{CA4F160C-9616-4628-AF99-038B0E6AEB92}.Release|iPhone.Deploy.0 = Release|Any CPU
		{CA4F160C-9616-4628-AF99-038B0E6AEB92}.Release|iPhoneSimulator.ActiveCfg = Release|Any CPU
		{CA4F160C-9616-4628-AF99-038B0E6AEB92}.Release|iPhoneSimulator.Build.0 = Release|Any CPU
		{CA4F160C-9616-4628-AF99-038B0E6AEB92}.Release|iPhoneSimulator.Deploy.0 = Release|Any CPU
		{CA4F160C-9616-4628-AF99-038B0E6AEB92}.Release|x64.ActiveCfg = Release|Any CPU
		{CA4F160C-9616-4628-AF99-038B0E6AEB92}.Release|x64.Build.0 = Release|Any CPU
		{CA4F160C-9616-4628-AF99-038B0E6AEB92}.Release|x64.Deploy.0 = Release|Any CPU
		{CA4F160C-9616-4628-AF99-038B0E6AEB92}.Release|x86.ActiveCfg = Release|Any CPU
		{CA4F160C-9616-4628-AF99-038B0E6AEB92}.Release|x86.Build.0 = Release|Any CPU
		{CA4F160C-9616-4628-AF99-038B0E6AEB92}.Release|x86.Deploy.0 = Release|Any CPU
	EndGlobalSection
	GlobalSection(SolutionProperties) = preSolution
		HideSolutionNode = FALSE
	EndGlobalSection
	GlobalSection(ExtensibilityGlobals) = postSolution
		SolutionGuid = {DB3ED0E3-C9EC-4419-B024-FCCEFA84CC5E}
	EndGlobalSection
EndGlobal
